// !$*UTF8*$!
{
	archiveVersion = 1;
	classes = {
	};
	objectVersion = 48;
	objects = {

/* Begin PBXBuildFile section */
		8A77437A1FE41BB400038296 /* AppDelegate.swift in Sources */ = {isa = PBXBuildFile; fileRef = 8A7743791FE41BB400038296 /* AppDelegate.swift */; };
		8A77437C1FE41BB400038296 /* ViewController.swift in Sources */ = {isa = PBXBuildFile; fileRef = 8A77437B1FE41BB400038296 /* ViewController.swift */; };
		8A77437F1FE41BB400038296 /* Main.storyboard in Resources */ = {isa = PBXBuildFile; fileRef = 8A77437D1FE41BB400038296 /* Main.storyboard */; };
		8A7743811FE41BB400038296 /* Assets.xcassets in Resources */ = {isa = PBXBuildFile; fileRef = 8A7743801FE41BB400038296 /* Assets.xcassets */; };
		8A7743841FE41BB400038296 /* LaunchScreen.storyboard in Resources */ = {isa = PBXBuildFile; fileRef = 8A7743821FE41BB400038296 /* LaunchScreen.storyboard */; };
		8A77438F1FE41BB400038296 /* EasyTableViewTests.swift in Sources */ = {isa = PBXBuildFile; fileRef = 8A77438E1FE41BB400038296 /* EasyTableViewTests.swift */; };
		8A77439A1FE41BB400038296 /* EasyTableViewUITests.swift in Sources */ = {isa = PBXBuildFile; fileRef = 8A7743991FE41BB400038296 /* EasyTableViewUITests.swift */; };
		8A7743A91FE41BD500038296 /* EasyTableView.swift in Sources */ = {isa = PBXBuildFile; fileRef = 8A7743A81FE41BD500038296 /* EasyTableView.swift */; };
		8A7743AB1FE46A4300038296 /* EasyTableConfiguration.swift in Sources */ = {isa = PBXBuildFile; fileRef = 8A7743AA1FE46A4300038296 /* EasyTableConfiguration.swift */; };
/* End PBXBuildFile section */

/* Begin PBXContainerItemProxy section */
		8A77438B1FE41BB400038296 /* PBXContainerItemProxy */ = {
			isa = PBXContainerItemProxy;
			containerPortal = 8A77436E1FE41BB400038296 /* Project object */;
			proxyType = 1;
			remoteGlobalIDString = 8A7743751FE41BB400038296;
			remoteInfo = EasyTableView;
		};
		8A7743961FE41BB400038296 /* PBXContainerItemProxy */ = {
			isa = PBXContainerItemProxy;
			containerPortal = 8A77436E1FE41BB400038296 /* Project object */;
			proxyType = 1;
			remoteGlobalIDString = 8A7743751FE41BB400038296;
			remoteInfo = EasyTableView;
		};
/* End PBXContainerItemProxy section */

/* Begin PBXFileReference section */
		8A7743761FE41BB400038296 /* EasyTableView.app */ = {isa = PBXFileReference; explicitFileType = wrapper.application; includeInIndex = 0; path = EasyTableView.app; sourceTree = BUILT_PRODUCTS_DIR; };
		8A7743791FE41BB400038296 /* AppDelegate.swift */ = {isa = PBXFileReference; lastKnownFileType = sourcecode.swift; path = AppDelegate.swift; sourceTree = "<group>"; };
		8A77437B1FE41BB400038296 /* ViewController.swift */ = {isa = PBXFileReference; lastKnownFileType = sourcecode.swift; path = ViewController.swift; sourceTree = "<group>"; };
		8A77437E1FE41BB400038296 /* Base */ = {isa = PBXFileReference; lastKnownFileType = file.storyboard; name = Base; path = Base.lproj/Main.storyboard; sourceTree = "<group>"; };
		8A7743801FE41BB400038296 /* Assets.xcassets */ = {isa = PBXFileReference; lastKnownFileType = folder.assetcatalog; path = Assets.xcassets; sourceTree = "<group>"; };
		8A7743831FE41BB400038296 /* Base */ = {isa = PBXFileReference; lastKnownFileType = file.storyboard; name = Base; path = Base.lproj/LaunchScreen.storyboard; sourceTree = "<group>"; };
		8A7743851FE41BB400038296 /* Info.plist */ = {isa = PBXFileReference; lastKnownFileType = text.plist.xml; path = Info.plist; sourceTree = "<group>"; };
		8A77438A1FE41BB400038296 /* EasyTableViewTests.xctest */ = {isa = PBXFileReference; explicitFileType = wrapper.cfbundle; includeInIndex = 0; path = EasyTableViewTests.xctest; sourceTree = BUILT_PRODUCTS_DIR; };
		8A77438E1FE41BB400038296 /* EasyTableViewTests.swift */ = {isa = PBXFileReference; lastKnownFileType = sourcecode.swift; path = EasyTableViewTests.swift; sourceTree = "<group>"; };
		8A7743901FE41BB400038296 /* Info.plist */ = {isa = PBXFileReference; lastKnownFileType = text.plist.xml; path = Info.plist; sourceTree = "<group>"; };
		8A7743951FE41BB400038296 /* EasyTableViewUITests.xctest */ = {isa = PBXFileReference; explicitFileType = wrapper.cfbundle; includeInIndex = 0; path = EasyTableViewUITests.xctest; sourceTree = BUILT_PRODUCTS_DIR; };
		8A7743991FE41BB400038296 /* EasyTableViewUITests.swift */ = {isa = PBXFileReference; lastKnownFileType = sourcecode.swift; path = EasyTableViewUITests.swift; sourceTree = "<group>"; };
		8A77439B1FE41BB400038296 /* Info.plist */ = {isa = PBXFileReference; lastKnownFileType = text.plist.xml; path = Info.plist; sourceTree = "<group>"; };
		8A7743A81FE41BD500038296 /* EasyTableView.swift */ = {isa = PBXFileReference; lastKnownFileType = sourcecode.swift; path = EasyTableView.swift; sourceTree = "<group>"; };
		8A7743AA1FE46A4300038296 /* EasyTableConfiguration.swift */ = {isa = PBXFileReference; lastKnownFileType = sourcecode.swift; path = EasyTableConfiguration.swift; sourceTree = "<group>"; };
/* End PBXFileReference section */

/* Begin PBXFrameworksBuildPhase section */
		8A7743731FE41BB400038296 /* Frameworks */ = {
			isa = PBXFrameworksBuildPhase;
			buildActionMask = 2147483647;
			files = (
			);
			runOnlyForDeploymentPostprocessing = 0;
		};
		8A7743871FE41BB400038296 /* Frameworks */ = {
			isa = PBXFrameworksBuildPhase;
			buildActionMask = 2147483647;
			files = (
			);
			runOnlyForDeploymentPostprocessing = 0;
		};
		8A7743921FE41BB400038296 /* Frameworks */ = {
			isa = PBXFrameworksBuildPhase;
			buildActionMask = 2147483647;
			files = (
			);
			runOnlyForDeploymentPostprocessing = 0;
		};
/* End PBXFrameworksBuildPhase section */

/* Begin PBXGroup section */
		8A77436D1FE41BB400038296 = {
			isa = PBXGroup;
			children = (
				8A7743781FE41BB400038296 /* EasyTableView */,
				8A77438D1FE41BB400038296 /* EasyTableViewTests */,
				8A7743981FE41BB400038296 /* EasyTableViewUITests */,
				8A7743771FE41BB400038296 /* Products */,
			);
			sourceTree = "<group>";
		};
		8A7743771FE41BB400038296 /* Products */ = {
			isa = PBXGroup;
			children = (
				8A7743761FE41BB400038296 /* EasyTableView.app */,
				8A77438A1FE41BB400038296 /* EasyTableViewTests.xctest */,
				8A7743951FE41BB400038296 /* EasyTableViewUITests.xctest */,
			);
			name = Products;
			sourceTree = "<group>";
		};
		8A7743781FE41BB400038296 /* EasyTableView */ = {
			isa = PBXGroup;
			children = (
				8A7743A71FE41BC800038296 /* EasyTableView */,
				8A7743791FE41BB400038296 /* AppDelegate.swift */,
				8A77437B1FE41BB400038296 /* ViewController.swift */,
				8A77437D1FE41BB400038296 /* Main.storyboard */,
				8A7743801FE41BB400038296 /* Assets.xcassets */,
				8A7743821FE41BB400038296 /* LaunchScreen.storyboard */,
				8A7743851FE41BB400038296 /* Info.plist */,
			);
			path = EasyTableView;
			sourceTree = "<group>";
		};
		8A77438D1FE41BB400038296 /* EasyTableViewTests */ = {
			isa = PBXGroup;
			children = (
				8A77438E1FE41BB400038296 /* EasyTableViewTests.swift */,
				8A7743901FE41BB400038296 /* Info.plist */,
			);
			path = EasyTableViewTests;
			sourceTree = "<group>";
		};
		8A7743981FE41BB400038296 /* EasyTableViewUITests */ = {
			isa = PBXGroup;
			children = (
				8A7743991FE41BB400038296 /* EasyTableViewUITests.swift */,
				8A77439B1FE41BB400038296 /* Info.plist */,
			);
			path = EasyTableViewUITests;
			sourceTree = "<group>";
		};
		8A7743A71FE41BC800038296 /* EasyTableView */ = {
			isa = PBXGroup;
			children = (
				8A7743A81FE41BD500038296 /* EasyTableView.swift */,
				8A7743AA1FE46A4300038296 /* EasyTableConfiguration.swift */,
			);
			path = EasyTableView;
			sourceTree = "<group>";
		};
/* End PBXGroup section */

/* Begin PBXNativeTarget section */
		8A7743751FE41BB400038296 /* EasyTableView */ = {
			isa = PBXNativeTarget;
			buildConfigurationList = 8A77439E1FE41BB400038296 /* Build configuration list for PBXNativeTarget "EasyTableView" */;
			buildPhases = (
				8A7743721FE41BB400038296 /* Sources */,
				8A7743731FE41BB400038296 /* Frameworks */,
				8A7743741FE41BB400038296 /* Resources */,
			);
			buildRules = (
			);
			dependencies = (
			);
			name = EasyTableView;
			productName = EasyTableView;
			productReference = 8A7743761FE41BB400038296 /* EasyTableView.app */;
			productType = "com.apple.product-type.application";
		};
		8A7743891FE41BB400038296 /* EasyTableViewTests */ = {
			isa = PBXNativeTarget;
			buildConfigurationList = 8A7743A11FE41BB400038296 /* Build configuration list for PBXNativeTarget "EasyTableViewTests" */;
			buildPhases = (
				8A7743861FE41BB400038296 /* Sources */,
				8A7743871FE41BB400038296 /* Frameworks */,
				8A7743881FE41BB400038296 /* Resources */,
			);
			buildRules = (
			);
			dependencies = (
				8A77438C1FE41BB400038296 /* PBXTargetDependency */,
			);
			name = EasyTableViewTests;
			productName = EasyTableViewTests;
			productReference = 8A77438A1FE41BB400038296 /* EasyTableViewTests.xctest */;
			productType = "com.apple.product-type.bundle.unit-test";
		};
		8A7743941FE41BB400038296 /* EasyTableViewUITests */ = {
			isa = PBXNativeTarget;
			buildConfigurationList = 8A7743A41FE41BB400038296 /* Build configuration list for PBXNativeTarget "EasyTableViewUITests" */;
			buildPhases = (
				8A7743911FE41BB400038296 /* Sources */,
				8A7743921FE41BB400038296 /* Frameworks */,
				8A7743931FE41BB400038296 /* Resources */,
			);
			buildRules = (
			);
			dependencies = (
				8A7743971FE41BB400038296 /* PBXTargetDependency */,
			);
			name = EasyTableViewUITests;
			productName = EasyTableViewUITests;
			productReference = 8A7743951FE41BB400038296 /* EasyTableViewUITests.xctest */;
			productType = "com.apple.product-type.bundle.ui-testing";
		};
/* End PBXNativeTarget section */

/* Begin PBXProject section */
		8A77436E1FE41BB400038296 /* Project object */ = {
			isa = PBXProject;
			attributes = {
				LastSwiftUpdateCheck = 0910;
				LastUpgradeCheck = 0910;
				ORGANIZATIONNAME = Matan;
				TargetAttributes = {
					8A7743751FE41BB400038296 = {
						CreatedOnToolsVersion = 9.1;
						ProvisioningStyle = Automatic;
					};
					8A7743891FE41BB400038296 = {
						CreatedOnToolsVersion = 9.1;
						ProvisioningStyle = Automatic;
						TestTargetID = 8A7743751FE41BB400038296;
					};
					8A7743941FE41BB400038296 = {
						CreatedOnToolsVersion = 9.1;
						ProvisioningStyle = Automatic;
						TestTargetID = 8A7743751FE41BB400038296;
					};
				};
			};
			buildConfigurationList = 8A7743711FE41BB400038296 /* Build configuration list for PBXProject "EasyTableView" */;
			compatibilityVersion = "Xcode 8.0";
			developmentRegion = en;
			hasScannedForEncodings = 0;
			knownRegions = (
				en,
				Base,
			);
			mainGroup = 8A77436D1FE41BB400038296;
			productRefGroup = 8A7743771FE41BB400038296 /* Products */;
			projectDirPath = "";
			projectRoot = "";
			targets = (
				8A7743751FE41BB400038296 /* EasyTableView */,
				8A7743891FE41BB400038296 /* EasyTableViewTests */,
				8A7743941FE41BB400038296 /* EasyTableViewUITests */,
			);
		};
/* End PBXProject section */

/* Begin PBXResourcesBuildPhase section */
		8A7743741FE41BB400038296 /* Resources */ = {
			isa = PBXResourcesBuildPhase;
			buildActionMask = 2147483647;
			files = (
				8A7743841FE41BB400038296 /* LaunchScreen.storyboard in Resources */,
				8A7743811FE41BB400038296 /* Assets.xcassets in Resources */,
				8A77437F1FE41BB400038296 /* Main.storyboard in Resources */,
			);
			runOnlyForDeploymentPostprocessing = 0;
		};
		8A7743881FE41BB400038296 /* Resources */ = {
			isa = PBXResourcesBuildPhase;
			buildActionMask = 2147483647;
			files = (
			);
			runOnlyForDeploymentPostprocessing = 0;
		};
		8A7743931FE41BB400038296 /* Resources */ = {
			isa = PBXResourcesBuildPhase;
			buildActionMask = 2147483647;
			files = (
			);
			runOnlyForDeploymentPostprocessing = 0;
		};
/* End PBXResourcesBuildPhase section */

/* Begin PBXSourcesBuildPhase section */
		8A7743721FE41BB400038296 /* Sources */ = {
			isa = PBXSourcesBuildPhase;
			buildActionMask = 2147483647;
			files = (
				8A7743AB1FE46A4300038296 /* EasyTableConfiguration.swift in Sources */,
				8A77437C1FE41BB400038296 /* ViewController.swift in Sources */,
				8A77437A1FE41BB400038296 /* AppDelegate.swift in Sources */,
				8A7743A91FE41BD500038296 /* EasyTableView.swift in Sources */,
			);
			runOnlyForDeploymentPostprocessing = 0;
		};
		8A7743861FE41BB400038296 /* Sources */ = {
			isa = PBXSourcesBuildPhase;
			buildActionMask = 2147483647;
			files = (
				8A77438F1FE41BB400038296 /* EasyTableViewTests.swift in Sources */,
			);
			runOnlyForDeploymentPostprocessing = 0;
		};
		8A7743911FE41BB400038296 /* Sources */ = {
			isa = PBXSourcesBuildPhase;
			buildActionMask = 2147483647;
			files = (
				8A77439A1FE41BB400038296 /* EasyTableViewUITests.swift in Sources */,
			);
			runOnlyForDeploymentPostprocessing = 0;
		};
/* End PBXSourcesBuildPhase section */

/* Begin PBXTargetDependency section */
		8A77438C1FE41BB400038296 /* PBXTargetDependency */ = {
			isa = PBXTargetDependency;
			target = 8A7743751FE41BB400038296 /* EasyTableView */;
			targetProxy = 8A77438B1FE41BB400038296 /* PBXContainerItemProxy */;
		};
		8A7743971FE41BB400038296 /* PBXTargetDependency */ = {
			isa = PBXTargetDependency;
			target = 8A7743751FE41BB400038296 /* EasyTableView */;
			targetProxy = 8A7743961FE41BB400038296 /* PBXContainerItemProxy */;
		};
/* End PBXTargetDependency section */

/* Begin PBXVariantGroup section */
		8A77437D1FE41BB400038296 /* Main.storyboard */ = {
			isa = PBXVariantGroup;
			children = (
				8A77437E1FE41BB400038296 /* Base */,
			);
			name = Main.storyboard;
			sourceTree = "<group>";
		};
		8A7743821FE41BB400038296 /* LaunchScreen.storyboard */ = {
			isa = PBXVariantGroup;
			children = (
				8A7743831FE41BB400038296 /* Base */,
			);
			name = LaunchScreen.storyboard;
			sourceTree = "<group>";
		};
/* End PBXVariantGroup section */

/* Begin XCBuildConfiguration section */
		8A77439C1FE41BB400038296 /* Debug */ = {
			isa = XCBuildConfiguration;
			buildSettings = {
				ALWAYS_SEARCH_USER_PATHS = NO;
				CLANG_ANALYZER_NONNULL = YES;
				CLANG_ANALYZER_NUMBER_OBJECT_CONVERSION = YES_AGGRESSIVE;
				CLANG_CXX_LANGUAGE_STANDARD = "gnu++14";
				CLANG_CXX_LIBRARY = "libc++";
				CLANG_ENABLE_MODULES = YES;
				CLANG_ENABLE_OBJC_ARC = YES;
				CLANG_WARN_BLOCK_CAPTURE_AUTORELEASING = YES;
				CLANG_WARN_BOOL_CONVERSION = YES;
				CLANG_WARN_COMMA = YES;
				CLANG_WARN_CONSTANT_CONVERSION = YES;
				CLANG_WARN_DIRECT_OBJC_ISA_USAGE = YES_ERROR;
				CLANG_WARN_DOCUMENTATION_COMMENTS = YES;
				CLANG_WARN_EMPTY_BODY = YES;
				CLANG_WARN_ENUM_CONVERSION = YES;
				CLANG_WARN_INFINITE_RECURSION = YES;
				CLANG_WARN_INT_CONVERSION = YES;
				CLANG_WARN_NON_LITERAL_NULL_CONVERSION = YES;
				CLANG_WARN_OBJC_LITERAL_CONVERSION = YES;
				CLANG_WARN_OBJC_ROOT_CLASS = YES_ERROR;
				CLANG_WARN_RANGE_LOOP_ANALYSIS = YES;
				CLANG_WARN_STRICT_PROTOTYPES = YES;
				CLANG_WARN_SUSPICIOUS_MOVE = YES;
				CLANG_WARN_UNGUARDED_AVAILABILITY = YES_AGGRESSIVE;
				CLANG_WARN_UNREACHABLE_CODE = YES;
				CLANG_WARN__DUPLICATE_METHOD_MATCH = YES;
				CODE_SIGN_IDENTITY = "iPhone Developer";
				COPY_PHASE_STRIP = NO;
				DEBUG_INFORMATION_FORMAT = dwarf;
				ENABLE_STRICT_OBJC_MSGSEND = YES;
				ENABLE_TESTABILITY = YES;
				GCC_C_LANGUAGE_STANDARD = gnu11;
				GCC_DYNAMIC_NO_PIC = NO;
				GCC_NO_COMMON_BLOCKS = YES;
				GCC_OPTIMIZATION_LEVEL = 0;
				GCC_PREPROCESSOR_DEFINITIONS = (
					"DEBUG=1",
					"$(inherited)",
				);
				GCC_WARN_64_TO_32_BIT_CONVERSION = YES;
				GCC_WARN_ABOUT_RETURN_TYPE = YES_ERROR;
				GCC_WARN_UNDECLARED_SELECTOR = YES;
				GCC_WARN_UNINITIALIZED_AUTOS = YES_AGGRESSIVE;
				GCC_WARN_UNUSED_FUNCTION = YES;
				GCC_WARN_UNUSED_VARIABLE = YES;
				IPHONEOS_DEPLOYMENT_TARGET = 11.1;
				MTL_ENABLE_DEBUG_INFO = YES;
				ONLY_ACTIVE_ARCH = YES;
				SDKROOT = iphoneos;
				SWIFT_ACTIVE_COMPILATION_CONDITIONS = DEBUG;
				SWIFT_OPTIMIZATION_LEVEL = "-Onone";
			};
			name = Debug;
		};
		8A77439D1FE41BB400038296 /* Release */ = {
			isa = XCBuildConfiguration;
			buildSettings = {
				ALWAYS_SEARCH_USER_PATHS = NO;
				CLANG_ANALYZER_NONNULL = YES;
				CLANG_ANALYZER_NUMBER_OBJECT_CONVERSION = YES_AGGRESSIVE;
				CLANG_CXX_LANGUAGE_STANDARD = "gnu++14";
				CLANG_CXX_LIBRARY = "libc++";
				CLANG_ENABLE_MODULES = YES;
				CLANG_ENABLE_OBJC_ARC = YES;
				CLANG_WARN_BLOCK_CAPTURE_AUTORELEASING = YES;
				CLANG_WARN_BOOL_CONVERSION = YES;
				CLANG_WARN_COMMA = YES;
				CLANG_WARN_CONSTANT_CONVERSION = YES;
				CLANG_WARN_DIRECT_OBJC_ISA_USAGE = YES_ERROR;
				CLANG_WARN_DOCUMENTATION_COMMENTS = YES;
				CLANG_WARN_EMPTY_BODY = YES;
				CLANG_WARN_ENUM_CONVERSION = YES;
				CLANG_WARN_INFINITE_RECURSION = YES;
				CLANG_WARN_INT_CONVERSION = YES;
				CLANG_WARN_NON_LITERAL_NULL_CONVERSION = YES;
				CLANG_WARN_OBJC_LITERAL_CONVERSION = YES;
				CLANG_WARN_OBJC_ROOT_CLASS = YES_ERROR;
				CLANG_WARN_RANGE_LOOP_ANALYSIS = YES;
				CLANG_WARN_STRICT_PROTOTYPES = YES;
				CLANG_WARN_SUSPICIOUS_MOVE = YES;
				CLANG_WARN_UNGUARDED_AVAILABILITY = YES_AGGRESSIVE;
				CLANG_WARN_UNREACHABLE_CODE = YES;
				CLANG_WARN__DUPLICATE_METHOD_MATCH = YES;
				CODE_SIGN_IDENTITY = "iPhone Developer";
				COPY_PHASE_STRIP = NO;
				DEBUG_INFORMATION_FORMAT = "dwarf-with-dsym";
				ENABLE_NS_ASSERTIONS = NO;
				ENABLE_STRICT_OBJC_MSGSEND = YES;
				GCC_C_LANGUAGE_STANDARD = gnu11;
				GCC_NO_COMMON_BLOCKS = YES;
				GCC_WARN_64_TO_32_BIT_CONVERSION = YES;
				GCC_WARN_ABOUT_RETURN_TYPE = YES_ERROR;
				GCC_WARN_UNDECLARED_SELECTOR = YES;
				GCC_WARN_UNINITIALIZED_AUTOS = YES_AGGRESSIVE;
				GCC_WARN_UNUSED_FUNCTION = YES;
				GCC_WARN_UNUSED_VARIABLE = YES;
				IPHONEOS_DEPLOYMENT_TARGET = 11.1;
				MTL_ENABLE_DEBUG_INFO = NO;
				SDKROOT = iphoneos;
				SWIFT_OPTIMIZATION_LEVEL = "-Owholemodule";
				VALIDATE_PRODUCT = YES;
			};
			name = Release;
		};
		8A77439F1FE41BB400038296 /* Debug */ = {
			isa = XCBuildConfiguration;
			buildSettings = {
				ASSETCATALOG_COMPILER_APPICON_NAME = AppIcon;
				CODE_SIGN_STYLE = Automatic;
				DEVELOPMENT_TEAM = PH85M24H5K;
				INFOPLIST_FILE = EasyTableView/Info.plist;
				LD_RUNPATH_SEARCH_PATHS = "$(inherited) @executable_path/Frameworks";
				PRODUCT_BUNDLE_IDENTIFIER = MC.EasyTableView;
				PRODUCT_NAME = "$(TARGET_NAME)";
				SWIFT_VERSION = 4.0;
				TARGETED_DEVICE_FAMILY = "1,2";
			};
			name = Debug;
		};
		8A7743A01FE41BB400038296 /* Release */ = {
			isa = XCBuildConfiguration;
			buildSettings = {
				ASSETCATALOG_COMPILER_APPICON_NAME = AppIcon;
				CODE_SIGN_STYLE = Automatic;
				DEVELOPMENT_TEAM = PH85M24H5K;
				INFOPLIST_FILE = EasyTableView/Info.plist;
				LD_RUNPATH_SEARCH_PATHS = "$(inherited) @executable_path/Frameworks";
				PRODUCT_BUNDLE_IDENTIFIER = MC.EasyTableView;
				PRODUCT_NAME = "$(TARGET_NAME)";
				SWIFT_VERSION = 4.0;
				TARGETED_DEVICE_FAMILY = "1,2";
			};
			name = Release;
		};
		8A7743A21FE41BB400038296 /* Debug */ = {
			isa = XCBuildConfiguration;
			buildSettings = {
				ALWAYS_EMBED_SWIFT_STANDARD_LIBRARIES = YES;
				BUNDLE_LOADER = "$(TEST_HOST)";
				CODE_SIGN_STYLE = Automatic;
				DEVELOPMENT_TEAM = PH85M24H5K;
				INFOPLIST_FILE = EasyTableViewTests/Info.plist;
				LD_RUNPATH_SEARCH_PATHS = "$(inherited) @executable_path/Frameworks @loader_path/Frameworks";
				PRODUCT_BUNDLE_IDENTIFIER = MC.EasyTableViewTests;
				PRODUCT_NAME = "$(TARGET_NAME)";
				SWIFT_VERSION = 4.0;
				TARGETED_DEVICE_FAMILY = "1,2";
				TEST_HOST = "$(BUILT_PRODUCTS_DIR)/EasyTableView.app/EasyTableView";
			};
			name = Debug;
		};
		8A7743A31FE41BB400038296 /* Release */ = {
			isa = XCBuildConfiguration;
			buildSettings = {
				ALWAYS_EMBED_SWIFT_STANDARD_LIBRARIES = YES;
				BUNDLE_LOADER = "$(TEST_HOST)";
				CODE_SIGN_STYLE = Automatic;
				DEVELOPMENT_TEAM = PH85M24H5K;
				INFOPLIST_FILE = EasyTableViewTests/Info.plist;
				LD_RUNPATH_SEARCH_PATHS = "$(inherited) @executable_path/Frameworks @loader_path/Frameworks";
				PRODUCT_BUNDLE_IDENTIFIER = MC.EasyTableViewTests;
				PRODUCT_NAME = "$(TARGET_NAME)";
				SWIFT_VERSION = 4.0;
				TARGETED_DEVICE_FAMILY = "1,2";
				TEST_HOST = "$(BUILT_PRODUCTS_DIR)/EasyTableView.app/EasyTableView";
			};
			name = Release;
		};
		8A7743A51FE41BB400038296 /* Debug */ = {
			isa = XCBuildConfiguration;
			buildSettings = {
				ALWAYS_EMBED_SWIFT_STANDARD_LIBRARIES = YES;
				CODE_SIGN_STYLE = Automatic;
				DEVELOPMENT_TEAM = PH85M24H5K;
				INFOPLIST_FILE = EasyTableViewUITests/Info.plist;
				LD_RUNPATH_SEARCH_PATHS = "$(inherited) @executable_path/Frameworks @loader_path/Frameworks";
				PRODUCT_BUNDLE_IDENTIFIER = MC.EasyTableViewUITests;
				PRODUCT_NAME = "$(TARGET_NAME)";
				SWIFT_VERSION = 4.0;
				TARGETED_DEVICE_FAMILY = "1,2";
				TEST_TARGET_NAME = EasyTableView;
			};
			name = Debug;
		};
		8A7743A61FE41BB400038296 /* Release */ = {
			isa = XCBuildConfiguration;
			buildSettings = {
				ALWAYS_EMBED_SWIFT_STANDARD_LIBRARIES = YES;
				CODE_SIGN_STYLE = Automatic;
				DEVELOPMENT_TEAM = PH85M24H5K;
				INFOPLIST_FILE = EasyTableViewUITests/Info.plist;
				LD_RUNPATH_SEARCH_PATHS = "$(inherited) @executable_path/Frameworks @loader_path/Frameworks";
				PRODUCT_BUNDLE_IDENTIFIER = MC.EasyTableViewUITests;
				PRODUCT_NAME = "$(TARGET_NAME)";
				SWIFT_VERSION = 4.0;
				TARGETED_DEVICE_FAMILY = "1,2";
				TEST_TARGET_NAME = EasyTableView;
			};
			name = Release;
		};
/* End XCBuildConfiguration section */

/* Begin XCConfigurationList section */
		8A7743711FE41BB400038296 /* Build configuration list for PBXProject "EasyTableView" */ = {
			isa = XCConfigurationList;
			buildConfigurations = (
				8A77439C1FE41BB400038296 /* Debug */,
				8A77439D1FE41BB400038296 /* Release */,
			);
			defaultConfigurationIsVisible = 0;
			defaultConfigurationName = Release;
		};
		8A77439E1FE41BB400038296 /* Build configuration list for PBXNativeTarget "EasyTableView" */ = {
			isa = XCConfigurationList;
			buildConfigurations = (
				8A77439F1FE41BB400038296 /* Debug */,
				8A7743A01FE41BB400038296 /* Release */,
			);
			defaultConfigurationIsVisible = 0;
			defaultConfigurationName = Release;
		};
		8A7743A11FE41BB400038296 /* Build configuration list for PBXNativeTarget "EasyTableViewTests" */ = {
			isa = XCConfigurationList;
			buildConfigurations = (
				8A7743A21FE41BB400038296 /* Debug */,
				8A7743A31FE41BB400038296 /* Release */,
			);
			defaultConfigurationIsVisible = 0;
			defaultConfigurationName = Release;
		};
		8A7743A41FE41BB400038296 /* Build configuration list for PBXNativeTarget "EasyTableViewUITests" */ = {
			isa = XCConfigurationList;
			buildConfigurations = (
				8A7743A51FE41BB400038296 /* Debug */,
				8A7743A61FE41BB400038296 /* Release */,
			);
			defaultConfigurationIsVisible = 0;
			defaultConfigurationName = Release;
		};
/* End XCConfigurationList section */
	};
	rootObject = 8A77436E1FE41BB400038296 /* Project object */;
}
